// !$*UTF8*$!
{
	archiveVersion = 1;
	classes = {
	};
	objectVersion = 50;
	objects = {

/* Begin PBXBuildFile section */
		C403DB4323F6B394008368CB /* LineChart1View.swift in Sources */ = {isa = PBXBuildFile; fileRef = C403DB4223F6B394008368CB /* LineChart1View.swift */; };
		C404E1B024EAF6AE00FD5489 /* LineChart2View.swift in Sources */ = {isa = PBXBuildFile; fileRef = C404E1AF24EAF6AE00FD5489 /* LineChart2View.swift */; };
		C404E1B224EAF73C00FD5489 /* LineChart3View.swift in Sources */ = {isa = PBXBuildFile; fileRef = C404E1B124EAF73C00FD5489 /* LineChart3View.swift */; };
		C406BBB823F6F57F0013A79B /* Histogram.swift in Sources */ = {isa = PBXBuildFile; fileRef = C406BBB723F6F57F0013A79B /* Histogram.swift */; };
		C406BBBA23F743F60013A79B /* Histogram.metal in Sources */ = {isa = PBXBuildFile; fileRef = C406BBB923F743F60013A79B /* Histogram.metal */; };
		C40F01CA24EB045500C9360B /* LineChart4View.swift in Sources */ = {isa = PBXBuildFile; fileRef = C40F01C924EB045500C9360B /* LineChart4View.swift */; };
		C40F0BCC241155E3008A5619 /* IOFunctions.swift in Sources */ = {isa = PBXBuildFile; fileRef = C40F0BCB241155E3008A5619 /* IOFunctions.swift */; };
		C411F960241F0C88006BDEF3 /* CellMembrane.swift in Sources */ = {isa = PBXBuildFile; fileRef = C411F95F241F0C88006BDEF3 /* CellMembrane.swift */; };
		C4497938252333BF0097F06C /* MainScreenshot.png in Resources */ = {isa = PBXBuildFile; fileRef = C4497937252333BF0097F06C /* MainScreenshot.png */; };
		C4544D4D2402D86000EDB29A /* Readme.md in Resources */ = {isa = PBXBuildFile; fileRef = C4544D4C2402D86000EDB29A /* Readme.md */; };
		C49029172522521100532ED5 /* Parameters.swift in Sources */ = {isa = PBXBuildFile; fileRef = C49029162522521100532ED5 /* Parameters.swift */; };
		C493AB5C24AAA63D00710F67 /* HelperFunctions.swift in Sources */ = {isa = PBXBuildFile; fileRef = C493AB5B24AAA63D00710F67 /* HelperFunctions.swift */; };
		C4BD594523EA22E1000B871B /* AppDelegate.swift in Sources */ = {isa = PBXBuildFile; fileRef = C4BD594423EA22E1000B871B /* AppDelegate.swift */; };
		C4BD594723EA22E1000B871B /* art.scnassets in Resources */ = {isa = PBXBuildFile; fileRef = C4BD594623EA22E1000B871B /* art.scnassets */; };
		C4BD594923EA22E1000B871B /* GameViewController.swift in Sources */ = {isa = PBXBuildFile; fileRef = C4BD594823EA22E1000B871B /* GameViewController.swift */; };
		C4BD594C23EA22E1000B871B /* Main.storyboard in Resources */ = {isa = PBXBuildFile; fileRef = C4BD594A23EA22E1000B871B /* Main.storyboard */; };
		C4BD594E23EA22E3000B871B /* Assets.xcassets in Resources */ = {isa = PBXBuildFile; fileRef = C4BD594D23EA22E3000B871B /* Assets.xcassets */; };
		C4BD595123EA22E3000B871B /* LaunchScreen.storyboard in Resources */ = {isa = PBXBuildFile; fileRef = C4BD594F23EA22E3000B871B /* LaunchScreen.storyboard */; };
		C4BD595E23EA3954000B871B /* Compute.metal in Sources */ = {isa = PBXBuildFile; fileRef = C4BD595D23EA3954000B871B /* Compute.metal */; };
		C4BD596023EA4CDA000B871B /* MetalMeshDeformable.swift in Sources */ = {isa = PBXBuildFile; fileRef = C4BD595F23EA4CDA000B871B /* MetalMeshDeformable.swift */; };
		C4BD596223EB139C000B871B /* LineDrawing.swift in Sources */ = {isa = PBXBuildFile; fileRef = C4BD596123EB139C000B871B /* LineDrawing.swift */; };
		C4BD596423EB14DD000B871B /* shaders.metal in Sources */ = {isa = PBXBuildFile; fileRef = C4BD596323EB14DD000B871B /* shaders.metal */; };
		C4BD596623EB15AA000B871B /* Microtubules.swift in Sources */ = {isa = PBXBuildFile; fileRef = C4BD596523EB15AA000B871B /* Microtubules.swift */; };
		C4BD596823EB4769000B871B /* ParametersViewController.swift in Sources */ = {isa = PBXBuildFile; fileRef = C4BD596723EB4769000B871B /* ParametersViewController.swift */; };
		C4BD596A23EB477F000B871B /* GraphsViewController.swift in Sources */ = {isa = PBXBuildFile; fileRef = C4BD596923EB477F000B871B /* GraphsViewController.swift */; };
		C4F35DB72527A5BC001D8F3A /* ParameterPickerController.swift in Sources */ = {isa = PBXBuildFile; fileRef = C4F35DB62527A5BC001D8F3A /* ParameterPickerController.swift */; };
/* End PBXBuildFile section */

/* Begin PBXFileReference section */
		C403DB4223F6B394008368CB /* LineChart1View.swift */ = {isa = PBXFileReference; lastKnownFileType = sourcecode.swift; path = LineChart1View.swift; sourceTree = "<group>"; };
		C404E1AF24EAF6AE00FD5489 /* LineChart2View.swift */ = {isa = PBXFileReference; lastKnownFileType = sourcecode.swift; path = LineChart2View.swift; sourceTree = "<group>"; };
		C404E1B124EAF73C00FD5489 /* LineChart3View.swift */ = {isa = PBXFileReference; lastKnownFileType = sourcecode.swift; path = LineChart3View.swift; sourceTree = "<group>"; };
		C406BBB723F6F57F0013A79B /* Histogram.swift */ = {isa = PBXFileReference; lastKnownFileType = sourcecode.swift; path = Histogram.swift; sourceTree = "<group>"; };
		C406BBB923F743F60013A79B /* Histogram.metal */ = {isa = PBXFileReference; lastKnownFileType = sourcecode.metal; path = Histogram.metal; sourceTree = "<group>"; };
		C40F01C924EB045500C9360B /* LineChart4View.swift */ = {isa = PBXFileReference; lastKnownFileType = sourcecode.swift; path = LineChart4View.swift; sourceTree = "<group>"; };
		C40F0BCB241155E3008A5619 /* IOFunctions.swift */ = {isa = PBXFileReference; lastKnownFileType = sourcecode.swift; path = IOFunctions.swift; sourceTree = "<group>"; };
		C411F95F241F0C88006BDEF3 /* CellMembrane.swift */ = {isa = PBXFileReference; lastKnownFileType = sourcecode.swift; path = CellMembrane.swift; sourceTree = "<group>"; };
		C4497937252333BF0097F06C /* MainScreenshot.png */ = {isa = PBXFileReference; lastKnownFileType = image.png; path = MainScreenshot.png; sourceTree = "<group>"; };
		C4544D4C2402D86000EDB29A /* Readme.md */ = {isa = PBXFileReference; lastKnownFileType = net.daringfireball.markdown; path = Readme.md; sourceTree = "<group>"; };
		C49029162522521100532ED5 /* Parameters.swift */ = {isa = PBXFileReference; lastKnownFileType = sourcecode.swift; path = Parameters.swift; sourceTree = "<group>"; };
		C493AB5B24AAA63D00710F67 /* HelperFunctions.swift */ = {isa = PBXFileReference; lastKnownFileType = sourcecode.swift; path = HelperFunctions.swift; sourceTree = "<group>"; };
		C4BD594123EA22E1000B871B /* CellTransport.app */ = {isa = PBXFileReference; explicitFileType = wrapper.application; includeInIndex = 0; path = CellTransport.app; sourceTree = BUILT_PRODUCTS_DIR; };
		C4BD594423EA22E1000B871B /* AppDelegate.swift */ = {isa = PBXFileReference; lastKnownFileType = sourcecode.swift; path = AppDelegate.swift; sourceTree = "<group>"; };
		C4BD594623EA22E1000B871B /* art.scnassets */ = {isa = PBXFileReference; lastKnownFileType = wrapper.scnassets; path = art.scnassets; sourceTree = "<group>"; };
		C4BD594823EA22E1000B871B /* GameViewController.swift */ = {isa = PBXFileReference; lastKnownFileType = sourcecode.swift; path = GameViewController.swift; sourceTree = "<group>"; };
		C4BD594B23EA22E1000B871B /* Base */ = {isa = PBXFileReference; lastKnownFileType = file.storyboard; name = Base; path = Base.lproj/Main.storyboard; sourceTree = "<group>"; };
		C4BD594D23EA22E3000B871B /* Assets.xcassets */ = {isa = PBXFileReference; lastKnownFileType = folder.assetcatalog; path = Assets.xcassets; sourceTree = "<group>"; };
		C4BD595023EA22E3000B871B /* Base */ = {isa = PBXFileReference; lastKnownFileType = file.storyboard; name = Base; path = Base.lproj/LaunchScreen.storyboard; sourceTree = "<group>"; };
		C4BD595223EA22E3000B871B /* Info.plist */ = {isa = PBXFileReference; lastKnownFileType = text.plist.xml; path = Info.plist; sourceTree = "<group>"; };
		C4BD595823EA22ED000B871B /* CellTransport.entitlements */ = {isa = PBXFileReference; lastKnownFileType = text.plist.entitlements; path = CellTransport.entitlements; sourceTree = "<group>"; };
		C4BD595D23EA3954000B871B /* Compute.metal */ = {isa = PBXFileReference; lastKnownFileType = sourcecode.metal; path = Compute.metal; sourceTree = "<group>"; };
		C4BD595F23EA4CDA000B871B /* MetalMeshDeformable.swift */ = {isa = PBXFileReference; fileEncoding = 4; lastKnownFileType = sourcecode.swift; path = MetalMeshDeformable.swift; sourceTree = "<group>"; };
		C4BD596123EB139C000B871B /* LineDrawing.swift */ = {isa = PBXFileReference; fileEncoding = 4; lastKnownFileType = sourcecode.swift; path = LineDrawing.swift; sourceTree = "<group>"; };
		C4BD596323EB14DD000B871B /* shaders.metal */ = {isa = PBXFileReference; fileEncoding = 4; lastKnownFileType = sourcecode.metal; path = shaders.metal; sourceTree = "<group>"; };
		C4BD596523EB15AA000B871B /* Microtubules.swift */ = {isa = PBXFileReference; lastKnownFileType = sourcecode.swift; path = Microtubules.swift; sourceTree = "<group>"; };
		C4BD596723EB4769000B871B /* ParametersViewController.swift */ = {isa = PBXFileReference; lastKnownFileType = sourcecode.swift; path = ParametersViewController.swift; sourceTree = "<group>"; };
		C4BD596923EB477F000B871B /* GraphsViewController.swift */ = {isa = PBXFileReference; lastKnownFileType = sourcecode.swift; path = GraphsViewController.swift; sourceTree = "<group>"; };
		C4F35DB62527A5BC001D8F3A /* ParameterPickerController.swift */ = {isa = PBXFileReference; lastKnownFileType = sourcecode.swift; path = ParameterPickerController.swift; sourceTree = "<group>"; };
/* End PBXFileReference section */

/* Begin PBXFrameworksBuildPhase section */
		C4BD593E23EA22E1000B871B /* Frameworks */ = {
			isa = PBXFrameworksBuildPhase;
			buildActionMask = 2147483647;
			files = (
			);
			runOnlyForDeploymentPostprocessing = 0;
		};
/* End PBXFrameworksBuildPhase section */

/* Begin PBXGroup section */
		C404E1AE24EAF68600FD5489 /* Histograms */ = {
			isa = PBXGroup;
			children = (
				C406BBB723F6F57F0013A79B /* Histogram.swift */,
				C403DB4223F6B394008368CB /* LineChart1View.swift */,
				C404E1AF24EAF6AE00FD5489 /* LineChart2View.swift */,
				C404E1B124EAF73C00FD5489 /* LineChart3View.swift */,
				C40F01C924EB045500C9360B /* LineChart4View.swift */,
			);
			path = Histograms;
			sourceTree = "<group>";
		};
		C4BD593823EA22E1000B871B = {
			isa = PBXGroup;
			children = (
				C4544D4C2402D86000EDB29A /* Readme.md */,
				C4497937252333BF0097F06C /* MainScreenshot.png */,
				C4BD594323EA22E1000B871B /* CellTransport */,
				C4BD594223EA22E1000B871B /* Products */,
			);
			sourceTree = "<group>";
		};
		C4BD594223EA22E1000B871B /* Products */ = {
			isa = PBXGroup;
			children = (
				C4BD594123EA22E1000B871B /* CellTransport.app */,
			);
			name = Products;
			sourceTree = "<group>";
		};
		C4BD594323EA22E1000B871B /* CellTransport */ = {
			isa = PBXGroup;
			children = (
				C4BD595823EA22ED000B871B /* CellTransport.entitlements */,
				C4BD594423EA22E1000B871B /* AppDelegate.swift */,
				C4BD594623EA22E1000B871B /* art.scnassets */,
				C49029162522521100532ED5 /* Parameters.swift */,
				C4BD594823EA22E1000B871B /* GameViewController.swift */,
				C4BD596723EB4769000B871B /* ParametersViewController.swift */,
				C4BD596923EB477F000B871B /* GraphsViewController.swift */,
				C4BD594A23EA22E1000B871B /* Main.storyboard */,
				C4F35DB02527A54B001D8F3A /* Popovers */,
				C493AB5B24AAA63D00710F67 /* HelperFunctions.swift */,
				C4BD596523EB15AA000B871B /* Microtubules.swift */,
				C404E1AE24EAF68600FD5489 /* Histograms */,
				C411F95F241F0C88006BDEF3 /* CellMembrane.swift */,
				C4BD595F23EA4CDA000B871B /* MetalMeshDeformable.swift */,
				C4BD596123EB139C000B871B /* LineDrawing.swift */,
				C40F0BCB241155E3008A5619 /* IOFunctions.swift */,
				C4BD596323EB14DD000B871B /* shaders.metal */,
				C406BBB923F743F60013A79B /* Histogram.metal */,
				C4BD595D23EA3954000B871B /* Compute.metal */,
				C4BD594D23EA22E3000B871B /* Assets.xcassets */,
				C4BD594F23EA22E3000B871B /* LaunchScreen.storyboard */,
				C4BD595223EA22E3000B871B /* Info.plist */,
			);
			path = CellTransport;
			sourceTree = "<group>";
		};
		C4F35DB02527A54B001D8F3A /* Popovers */ = {
			isa = PBXGroup;
			children = (
				C4F35DB62527A5BC001D8F3A /* ParameterPickerController.swift */,
			);
			path = Popovers;
			sourceTree = "<group>";
		};
/* End PBXGroup section */

/* Begin PBXNativeTarget section */
		C4BD594023EA22E1000B871B /* CellTransport */ = {
			isa = PBXNativeTarget;
			buildConfigurationList = C4BD595523EA22E3000B871B /* Build configuration list for PBXNativeTarget "CellTransport" */;
			buildPhases = (
				C4BD593D23EA22E1000B871B /* Sources */,
				C4BD593E23EA22E1000B871B /* Frameworks */,
				C4BD593F23EA22E1000B871B /* Resources */,
			);
			buildRules = (
			);
			dependencies = (
			);
			name = CellTransport;
			productName = CellTransport;
			productReference = C4BD594123EA22E1000B871B /* CellTransport.app */;
			productType = "com.apple.product-type.application";
		};
/* End PBXNativeTarget section */

/* Begin PBXProject section */
		C4BD593923EA22E1000B871B /* Project object */ = {
			isa = PBXProject;
			attributes = {
				LastSwiftUpdateCheck = 1130;
				LastUpgradeCheck = 1200;
				ORGANIZATIONNAME = "Raúl Montón Pinillos";
				TargetAttributes = {
					C4BD594023EA22E1000B871B = {
						CreatedOnToolsVersion = 11.3;
					};
				};
			};
			buildConfigurationList = C4BD593C23EA22E1000B871B /* Build configuration list for PBXProject "CellTransport" */;
			compatibilityVersion = "Xcode 9.3";
			developmentRegion = en;
			hasScannedForEncodings = 0;
			knownRegions = (
				en,
				Base,
			);
			mainGroup = C4BD593823EA22E1000B871B;
			productRefGroup = C4BD594223EA22E1000B871B /* Products */;
			projectDirPath = "";
			projectRoot = "";
			targets = (
				C4BD594023EA22E1000B871B /* CellTransport */,
			);
		};
/* End PBXProject section */

/* Begin PBXResourcesBuildPhase section */
		C4BD593F23EA22E1000B871B /* Resources */ = {
			isa = PBXResourcesBuildPhase;
			buildActionMask = 2147483647;
			files = (
				C4544D4D2402D86000EDB29A /* Readme.md in Resources */,
				C4BD594723EA22E1000B871B /* art.scnassets in Resources */,
				C4BD595123EA22E3000B871B /* LaunchScreen.storyboard in Resources */,
				C4BD594E23EA22E3000B871B /* Assets.xcassets in Resources */,
				C4497938252333BF0097F06C /* MainScreenshot.png in Resources */,
				C4BD594C23EA22E1000B871B /* Main.storyboard in Resources */,
			);
			runOnlyForDeploymentPostprocessing = 0;
		};
/* End PBXResourcesBuildPhase section */

/* Begin PBXSourcesBuildPhase section */
		C4BD593D23EA22E1000B871B /* Sources */ = {
			isa = PBXSourcesBuildPhase;
			buildActionMask = 2147483647;
			files = (
				C49029172522521100532ED5 /* Parameters.swift in Sources */,
				C406BBB823F6F57F0013A79B /* Histogram.swift in Sources */,
				C406BBBA23F743F60013A79B /* Histogram.metal in Sources */,
				C40F0BCC241155E3008A5619 /* IOFunctions.swift in Sources */,
				C4BD594923EA22E1000B871B /* GameViewController.swift in Sources */,
				C4F35DB72527A5BC001D8F3A /* ParameterPickerController.swift in Sources */,
				C404E1B224EAF73C00FD5489 /* LineChart3View.swift in Sources */,
				C403DB4323F6B394008368CB /* LineChart1View.swift in Sources */,
				C493AB5C24AAA63D00710F67 /* HelperFunctions.swift in Sources */,
				C404E1B024EAF6AE00FD5489 /* LineChart2View.swift in Sources */,
				C4BD596423EB14DD000B871B /* shaders.metal in Sources */,
				C4BD596623EB15AA000B871B /* Microtubules.swift in Sources */,
				C4BD596823EB4769000B871B /* ParametersViewController.swift in Sources */,
				C4BD596023EA4CDA000B871B /* MetalMeshDeformable.swift in Sources */,
				C4BD594523EA22E1000B871B /* AppDelegate.swift in Sources */,
				C4BD596A23EB477F000B871B /* GraphsViewController.swift in Sources */,
				C40F01CA24EB045500C9360B /* LineChart4View.swift in Sources */,
				C4BD596223EB139C000B871B /* LineDrawing.swift in Sources */,
				C411F960241F0C88006BDEF3 /* CellMembrane.swift in Sources */,
				C4BD595E23EA3954000B871B /* Compute.metal in Sources */,
			);
			runOnlyForDeploymentPostprocessing = 0;
		};
/* End PBXSourcesBuildPhase section */

/* Begin PBXVariantGroup section */
		C4BD594A23EA22E1000B871B /* Main.storyboard */ = {
			isa = PBXVariantGroup;
			children = (
				C4BD594B23EA22E1000B871B /* Base */,
			);
			name = Main.storyboard;
			sourceTree = "<group>";
		};
		C4BD594F23EA22E3000B871B /* LaunchScreen.storyboard */ = {
			isa = PBXVariantGroup;
			children = (
				C4BD595023EA22E3000B871B /* Base */,
			);
			name = LaunchScreen.storyboard;
			sourceTree = "<group>";
		};
/* End PBXVariantGroup section */

/* Begin XCBuildConfiguration section */
		C4BD595323EA22E3000B871B /* Debug */ = {
			isa = XCBuildConfiguration;
			buildSettings = {
				ALWAYS_SEARCH_USER_PATHS = NO;
				CLANG_ANALYZER_NONNULL = YES;
				CLANG_ANALYZER_NUMBER_OBJECT_CONVERSION = YES_AGGRESSIVE;
				CLANG_CXX_LANGUAGE_STANDARD = "gnu++14";
				CLANG_CXX_LIBRARY = "libc++";
				CLANG_ENABLE_MODULES = YES;
				CLANG_ENABLE_OBJC_ARC = YES;
				CLANG_ENABLE_OBJC_WEAK = YES;
				CLANG_WARN_BLOCK_CAPTURE_AUTORELEASING = YES;
				CLANG_WARN_BOOL_CONVERSION = YES;
				CLANG_WARN_COMMA = YES;
				CLANG_WARN_CONSTANT_CONVERSION = YES;
				CLANG_WARN_DEPRECATED_OBJC_IMPLEMENTATIONS = YES;
				CLANG_WARN_DIRECT_OBJC_ISA_USAGE = YES_ERROR;
				CLANG_WARN_DOCUMENTATION_COMMENTS = YES;
				CLANG_WARN_EMPTY_BODY = YES;
				CLANG_WARN_ENUM_CONVERSION = YES;
				CLANG_WARN_INFINITE_RECURSION = YES;
				CLANG_WARN_INT_CONVERSION = YES;
				CLANG_WARN_NON_LITERAL_NULL_CONVERSION = YES;
				CLANG_WARN_OBJC_IMPLICIT_RETAIN_SELF = YES;
				CLANG_WARN_OBJC_LITERAL_CONVERSION = YES;
				CLANG_WARN_OBJC_ROOT_CLASS = YES_ERROR;
				CLANG_WARN_QUOTED_INCLUDE_IN_FRAMEWORK_HEADER = YES;
				CLANG_WARN_RANGE_LOOP_ANALYSIS = YES;
				CLANG_WARN_STRICT_PROTOTYPES = YES;
				CLANG_WARN_SUSPICIOUS_MOVE = YES;
				CLANG_WARN_UNGUARDED_AVAILABILITY = YES_AGGRESSIVE;
				CLANG_WARN_UNREACHABLE_CODE = YES;
				CLANG_WARN__DUPLICATE_METHOD_MATCH = YES;
				COPY_PHASE_STRIP = NO;
				DEBUG_INFORMATION_FORMAT = dwarf;
				ENABLE_STRICT_OBJC_MSGSEND = YES;
				ENABLE_TESTABILITY = YES;
				GCC_C_LANGUAGE_STANDARD = gnu11;
				GCC_DYNAMIC_NO_PIC = NO;
				GCC_NO_COMMON_BLOCKS = YES;
				GCC_OPTIMIZATION_LEVEL = 0;
				GCC_PREPROCESSOR_DEFINITIONS = (
					"DEBUG=1",
					"$(inherited)",
				);
				GCC_WARN_64_TO_32_BIT_CONVERSION = YES;
				GCC_WARN_ABOUT_RETURN_TYPE = YES_ERROR;
				GCC_WARN_UNDECLARED_SELECTOR = YES;
				GCC_WARN_UNINITIALIZED_AUTOS = YES_AGGRESSIVE;
				GCC_WARN_UNUSED_FUNCTION = YES;
				GCC_WARN_UNUSED_VARIABLE = YES;
				IPHONEOS_DEPLOYMENT_TARGET = 13.6;
				MTL_ENABLE_DEBUG_INFO = INCLUDE_SOURCE;
				MTL_FAST_MATH = YES;
				ONLY_ACTIVE_ARCH = YES;
				SDKROOT = iphoneos;
				SWIFT_ACTIVE_COMPILATION_CONDITIONS = DEBUG;
				SWIFT_OPTIMIZATION_LEVEL = "-Onone";
			};
			name = Debug;
		};
		C4BD595423EA22E3000B871B /* Release */ = {
			isa = XCBuildConfiguration;
			buildSettings = {
				ALWAYS_SEARCH_USER_PATHS = NO;
				CLANG_ANALYZER_NONNULL = YES;
				CLANG_ANALYZER_NUMBER_OBJECT_CONVERSION = YES_AGGRESSIVE;
				CLANG_CXX_LANGUAGE_STANDARD = "gnu++14";
				CLANG_CXX_LIBRARY = "libc++";
				CLANG_ENABLE_MODULES = YES;
				CLANG_ENABLE_OBJC_ARC = YES;
				CLANG_ENABLE_OBJC_WEAK = YES;
				CLANG_WARN_BLOCK_CAPTURE_AUTORELEASING = YES;
				CLANG_WARN_BOOL_CONVERSION = YES;
				CLANG_WARN_COMMA = YES;
				CLANG_WARN_CONSTANT_CONVERSION = YES;
				CLANG_WARN_DEPRECATED_OBJC_IMPLEMENTATIONS = YES;
				CLANG_WARN_DIRECT_OBJC_ISA_USAGE = YES_ERROR;
				CLANG_WARN_DOCUMENTATION_COMMENTS = YES;
				CLANG_WARN_EMPTY_BODY = YES;
				CLANG_WARN_ENUM_CONVERSION = YES;
				CLANG_WARN_INFINITE_RECURSION = YES;
				CLANG_WARN_INT_CONVERSION = YES;
				CLANG_WARN_NON_LITERAL_NULL_CONVERSION = YES;
				CLANG_WARN_OBJC_IMPLICIT_RETAIN_SELF = YES;
				CLANG_WARN_OBJC_LITERAL_CONVERSION = YES;
				CLANG_WARN_OBJC_ROOT_CLASS = YES_ERROR;
				CLANG_WARN_QUOTED_INCLUDE_IN_FRAMEWORK_HEADER = YES;
				CLANG_WARN_RANGE_LOOP_ANALYSIS = YES;
				CLANG_WARN_STRICT_PROTOTYPES = YES;
				CLANG_WARN_SUSPICIOUS_MOVE = YES;
				CLANG_WARN_UNGUARDED_AVAILABILITY = YES_AGGRESSIVE;
				CLANG_WARN_UNREACHABLE_CODE = YES;
				CLANG_WARN__DUPLICATE_METHOD_MATCH = YES;
				COPY_PHASE_STRIP = NO;
				DEBUG_INFORMATION_FORMAT = "dwarf-with-dsym";
				ENABLE_NS_ASSERTIONS = NO;
				ENABLE_STRICT_OBJC_MSGSEND = YES;
				GCC_C_LANGUAGE_STANDARD = gnu11;
				GCC_NO_COMMON_BLOCKS = YES;
				GCC_WARN_64_TO_32_BIT_CONVERSION = YES;
				GCC_WARN_ABOUT_RETURN_TYPE = YES_ERROR;
				GCC_WARN_UNDECLARED_SELECTOR = YES;
				GCC_WARN_UNINITIALIZED_AUTOS = YES_AGGRESSIVE;
				GCC_WARN_UNUSED_FUNCTION = YES;
				GCC_WARN_UNUSED_VARIABLE = YES;
				IPHONEOS_DEPLOYMENT_TARGET = 13.6;
				MTL_ENABLE_DEBUG_INFO = INCLUDE_SOURCE;
				MTL_FAST_MATH = YES;
				SDKROOT = iphoneos;
				SWIFT_COMPILATION_MODE = wholemodule;
				SWIFT_OPTIMIZATION_LEVEL = "-O";
				VALIDATE_PRODUCT = YES;
			};
			name = Release;
		};
		C4BD595623EA22E3000B871B /* Debug */ = {
			isa = XCBuildConfiguration;
			buildSettings = {
				ASSETCATALOG_COMPILER_APPICON_NAME = AppIcon;
				CODE_SIGN_ENTITLEMENTS = CellTransport/CellTransport.entitlements;
				CODE_SIGN_STYLE = Automatic;
				DERIVE_MACCATALYST_PRODUCT_BUNDLE_IDENTIFIER = YES;
				DEVELOPMENT_TEAM = 4ND4CZC2FK;
				INFOPLIST_FILE = CellTransport/Info.plist;
				IPHONEOS_DEPLOYMENT_TARGET = 13.1;
				LD_RUNPATH_SEARCH_PATHS = (
					"$(inherited)",
					"@executable_path/Frameworks",
				);
				PRODUCT_BUNDLE_IDENTIFIER = com.raulmonton.CellTransport;
				PRODUCT_NAME = "$(TARGET_NAME)";
				SUPPORTS_MACCATALYST = YES;
				SWIFT_VERSION = 5.0;
				TARGETED_DEVICE_FAMILY = 2;
			};
			name = Debug;
		};
		C4BD595723EA22E3000B871B /* Release */ = {
			isa = XCBuildConfiguration;
			buildSettings = {
				ASSETCATALOG_COMPILER_APPICON_NAME = AppIcon;
				CODE_SIGN_ENTITLEMENTS = CellTransport/CellTransport.entitlements;
				CODE_SIGN_STYLE = Automatic;
				DERIVE_MACCATALYST_PRODUCT_BUNDLE_IDENTIFIER = YES;
				DEVELOPMENT_TEAM = 4ND4CZC2FK;
				INFOPLIST_FILE = CellTransport/Info.plist;
				IPHONEOS_DEPLOYMENT_TARGET = 13.1;
				LD_RUNPATH_SEARCH_PATHS = (
					"$(inherited)",
					"@executable_path/Frameworks",
				);
				PRODUCT_BUNDLE_IDENTIFIER = com.raulmonton.CellTransport;
				PRODUCT_NAME = "$(TARGET_NAME)";
				SUPPORTS_MACCATALYST = YES;
				SWIFT_VERSION = 5.0;
				TARGETED_DEVICE_FAMILY = 2;
			};
			name = Release;
		};
/* End XCBuildConfiguration section */

/* Begin XCConfigurationList section */
		C4BD593C23EA22E1000B871B /* Build configuration list for PBXProject "CellTransport" */ = {
			isa = XCConfigurationList;
			buildConfigurations = (
				C4BD595323EA22E3000B871B /* Debug */,
				C4BD595423EA22E3000B871B /* Release */,
			);
			defaultConfigurationIsVisible = 0;
			defaultConfigurationName = Release;
		};
		C4BD595523EA22E3000B871B /* Build configuration list for PBXNativeTarget "CellTransport" */ = {
			isa = XCConfigurationList;
			buildConfigurations = (
				C4BD595623EA22E3000B871B /* Debug */,
				C4BD595723EA22E3000B871B /* Release */,
			);
			defaultConfigurationIsVisible = 0;
			defaultConfigurationName = Release;
		};
/* End XCConfigurationList section */
	};
	rootObject = C4BD593923EA22E1000B871B /* Project object */;
}
